
Microsoft Visual Studio Solution File, Format Version 12.00
# Visual Studio Version 17
VisualStudioVersion = 17.0.32014.148
MinimumVisualStudioVersion = 10.0.40219.1
Project("{FAE04EC0-301F-11D3-BF4B-00C04F79EFBC}") = "AstronomicalProcessing", "AstronomicalProcessing\AstronomicalProcessing.csproj", "{8B8633D2-65A5-4213-9A2D-A797BBB31724}"
EndProject
Global
	GlobalSection(SolutionConfigurationPlatforms) = preSolution
		Debug|Any CPU = Debug|Any CPU
		Release|Any CPU = Release|Any CPU
	EndGlobalSection
	GlobalSection(ProjectConfigurationPlatforms) = postSolution
		{8B8633D2-65A5-4213-9A2D-A797BBB31724}.Debug|Any CPU.ActiveCfg = Debug|Any CPU
		{8B8633D2-65A5-4213-9A2D-A797BBB31724}.Debug|Any CPU.Build.0 = Debug|Any CPU
		{8B8633D2-65A5-4213-9A2D-A797BBB31724}.Release|Any CPU.ActiveCfg = Release|Any CPU
		{8B8633D2-65A5-4213-9A2D-A797BBB31724}.Release|Any CPU.Build.0 = Release|Any CPU
	EndGlobalSection
	GlobalSection(SolutionProperties) = preSolution
		HideSolutionNode = FALSE
	EndGlobalSection
	GlobalSection(ExtensibilityGlobals) = postSolution
		SolutionGuid = {D83380CB-75AB-4C38-8F25-9B4E954A1CB9}
	EndGlobalSection
EndGlobal
